
Microsoft Visual Studio Solution File, Format Version 12.00
# Visual Studio Version 16
VisualStudioVersion = 16.0.30907.101
MinimumVisualStudioVersion = 10.0.40219.1
Project("{9A19103F-16F7-4668-BE54-9A1E7A4F7556}") = "ServerGateway", "ServerGateway.csproj", "{DC8E36B9-B075-40DB-936C-54E5336C0B22}"
EndProject
Global
	GlobalSection(SolutionConfigurationPlatforms) = preSolution
		Debug|Any CPU = Debug|Any CPU
		Release|Any CPU = Release|Any CPU
	EndGlobalSection
	GlobalSection(ProjectConfigurationPlatforms) = postSolution
		{DC8E36B9-B075-40DB-936C-54E5336C0B22}.Debug|Any CPU.ActiveCfg = Debug|Any CPU
		{DC8E36B9-B075-40DB-936C-54E5336C0B22}.Debug|Any CPU.Build.0 = Debug|Any CPU
		{DC8E36B9-B075-40DB-936C-54E5336C0B22}.Release|Any CPU.ActiveCfg = Release|Any CPU
		{DC8E36B9-B075-40DB-936C-54E5336C0B22}.Release|Any CPU.Build.0 = Release|Any CPU
	EndGlobalSection
	GlobalSection(SolutionProperties) = preSolution
		HideSolutionNode = FALSE
	EndGlobalSection
	GlobalSection(ExtensibilityGlobals) = postSolution
		SolutionGuid = {B65B28F1-FE63-4C57-85A0-B4405743A4CB}
	EndGlobalSection
EndGlobal
